
Microsoft Visual Studio Solution File, Format Version 12.00
# Visual Studio Version 16
VisualStudioVersion = 16.0.30225.117
MinimumVisualStudioVersion = 10.0.40219.1
Project("{9A19103F-16F7-4668-BE54-9A1E7A4F7556}") = "TDD_BestPractice", "TDD_BestPractice\TDD_BestPractice.csproj", "{0DE17B19-F38A-4214-9B7F-9AD2D12E1A34}"
EndProject
Project("{9A19103F-16F7-4668-BE54-9A1E7A4F7556}") = "TDD_BestPractice.UnitTest", "TDD_BestPractice.UnitTest\TDD_BestPractice.UnitTest.csproj", "{B8A5D510-88AC-47BB-958B-E5EE51E15965}"
EndProject
Global
	GlobalSection(SolutionConfigurationPlatforms) = preSolution
		Debug|Any CPU = Debug|Any CPU
		Release|Any CPU = Release|Any CPU
	EndGlobalSection
	GlobalSection(ProjectConfigurationPlatforms) = postSolution
		{0DE17B19-F38A-4214-9B7F-9AD2D12E1A34}.Debug|Any CPU.ActiveCfg = Debug|Any CPU
		{0DE17B19-F38A-4214-9B7F-9AD2D12E1A34}.Debug|Any CPU.Build.0 = Debug|Any CPU
		{0DE17B19-F38A-4214-9B7F-9AD2D12E1A34}.Release|Any CPU.ActiveCfg = Release|Any CPU
		{0DE17B19-F38A-4214-9B7F-9AD2D12E1A34}.Release|Any CPU.Build.0 = Release|Any CPU
		{B8A5D510-88AC-47BB-958B-E5EE51E15965}.Debug|Any CPU.ActiveCfg = Debug|Any CPU
		{B8A5D510-88AC-47BB-958B-E5EE51E15965}.Debug|Any CPU.Build.0 = Debug|Any CPU
		{B8A5D510-88AC-47BB-958B-E5EE51E15965}.Release|Any CPU.ActiveCfg = Release|Any CPU
		{B8A5D510-88AC-47BB-958B-E5EE51E15965}.Release|Any CPU.Build.0 = Release|Any CPU
	EndGlobalSection
	GlobalSection(SolutionProperties) = preSolution
		HideSolutionNode = FALSE
	EndGlobalSection
	GlobalSection(ExtensibilityGlobals) = postSolution
		SolutionGuid = {428FA940-8A9E-407E-BD9B-6CA8BDB5AE05}
	EndGlobalSection
EndGlobal
